// !$*UTF8*$!
{
	archiveVersion = 1;
	classes = {
	};
	objectVersion = 56;
	objects = {

/* Begin PBXBuildFile section */
		2774BF942978253700A7ACA2 /* FirebaseAuth in Frameworks */ = {isa = PBXBuildFile; productRef = 2774BF932978253700A7ACA2 /* FirebaseAuth */; };
		2774BF962978253700A7ACA2 /* FirebaseFirestore in Frameworks */ = {isa = PBXBuildFile; productRef = 2774BF952978253700A7ACA2 /* FirebaseFirestore */; };
		27A17C8E296F00BC005EF337 /* OneTonBooksApp.swift in Sources */ = {isa = PBXBuildFile; fileRef = 27A17C8D296F00BC005EF337 /* OneTonBooksApp.swift */; };
		27A17C90296F00BC005EF337 /* ContentView.swift in Sources */ = {isa = PBXBuildFile; fileRef = 27A17C8F296F00BC005EF337 /* ContentView.swift */; };
		27A17C92296F00BF005EF337 /* Assets.xcassets in Resources */ = {isa = PBXBuildFile; fileRef = 27A17C91296F00BF005EF337 /* Assets.xcassets */; };
		27A17C95296F00BF005EF337 /* Preview Assets.xcassets in Resources */ = {isa = PBXBuildFile; fileRef = 27A17C94296F00BF005EF337 /* Preview Assets.xcassets */; };
		27A17C9F296F00BF005EF337 /* OneTonBooksTests.swift in Sources */ = {isa = PBXBuildFile; fileRef = 27A17C9E296F00BF005EF337 /* OneTonBooksTests.swift */; };
		27A17CA9296F00C0005EF337 /* OneTonBooksUITests.swift in Sources */ = {isa = PBXBuildFile; fileRef = 27A17CA8296F00C0005EF337 /* OneTonBooksUITests.swift */; };
		27A17CAB296F00C0005EF337 /* OneTonBooksUITestsLaunchTests.swift in Sources */ = {isa = PBXBuildFile; fileRef = 27A17CAA296F00C0005EF337 /* OneTonBooksUITestsLaunchTests.swift */; };
/* End PBXBuildFile section */

/* Begin PBXContainerItemProxy section */
		27A17C9B296F00BF005EF337 /* PBXContainerItemProxy */ = {
			isa = PBXContainerItemProxy;
			containerPortal = 27A17C82296F00BB005EF337 /* Project object */;
			proxyType = 1;
			remoteGlobalIDString = 27A17C89296F00BB005EF337;
			remoteInfo = OneTonBooks;
		};
		27A17CA5296F00C0005EF337 /* PBXContainerItemProxy */ = {
			isa = PBXContainerItemProxy;
			containerPortal = 27A17C82296F00BB005EF337 /* Project object */;
			proxyType = 1;
			remoteGlobalIDString = 27A17C89296F00BB005EF337;
			remoteInfo = OneTonBooks;
		};
/* End PBXContainerItemProxy section */

/* Begin PBXFileReference section */
		27A17C8A296F00BB005EF337 /* OneTonBooks.app */ = {isa = PBXFileReference; explicitFileType = wrapper.application; includeInIndex = 0; path = OneTonBooks.app; sourceTree = BUILT_PRODUCTS_DIR; };
		27A17C8D296F00BC005EF337 /* OneTonBooksApp.swift */ = {isa = PBXFileReference; lastKnownFileType = sourcecode.swift; path = OneTonBooksApp.swift; sourceTree = "<group>"; };
		27A17C8F296F00BC005EF337 /* ContentView.swift */ = {isa = PBXFileReference; lastKnownFileType = sourcecode.swift; path = ContentView.swift; sourceTree = "<group>"; };
		27A17C91296F00BF005EF337 /* Assets.xcassets */ = {isa = PBXFileReference; lastKnownFileType = folder.assetcatalog; path = Assets.xcassets; sourceTree = "<group>"; };
		27A17C94296F00BF005EF337 /* Preview Assets.xcassets */ = {isa = PBXFileReference; lastKnownFileType = folder.assetcatalog; path = "Preview Assets.xcassets"; sourceTree = "<group>"; };
		27A17C9A296F00BF005EF337 /* OneTonBooksTests.xctest */ = {isa = PBXFileReference; explicitFileType = wrapper.cfbundle; includeInIndex = 0; path = OneTonBooksTests.xctest; sourceTree = BUILT_PRODUCTS_DIR; };
		27A17C9E296F00BF005EF337 /* OneTonBooksTests.swift */ = {isa = PBXFileReference; lastKnownFileType = sourcecode.swift; path = OneTonBooksTests.swift; sourceTree = "<group>"; };
		27A17CA4296F00C0005EF337 /* OneTonBooksUITests.xctest */ = {isa = PBXFileReference; explicitFileType = wrapper.cfbundle; includeInIndex = 0; path = OneTonBooksUITests.xctest; sourceTree = BUILT_PRODUCTS_DIR; };
		27A17CA8296F00C0005EF337 /* OneTonBooksUITests.swift */ = {isa = PBXFileReference; lastKnownFileType = sourcecode.swift; path = OneTonBooksUITests.swift; sourceTree = "<group>"; };
		27A17CAA296F00C0005EF337 /* OneTonBooksUITestsLaunchTests.swift */ = {isa = PBXFileReference; lastKnownFileType = sourcecode.swift; path = OneTonBooksUITestsLaunchTests.swift; sourceTree = "<group>"; };
/* End PBXFileReference section */

/* Begin PBXFrameworksBuildPhase section */
		27A17C87296F00BB005EF337 /* Frameworks */ = {
			isa = PBXFrameworksBuildPhase;
			buildActionMask = 2147483647;
			files = (
				2774BF942978253700A7ACA2 /* FirebaseAuth in Frameworks */,
				2774BF962978253700A7ACA2 /* FirebaseFirestore in Frameworks */,
			);
			runOnlyForDeploymentPostprocessing = 0;
		};
		27A17C97296F00BF005EF337 /* Frameworks */ = {
			isa = PBXFrameworksBuildPhase;
			buildActionMask = 2147483647;
			files = (
			);
			runOnlyForDeploymentPostprocessing = 0;
		};
		27A17CA1296F00C0005EF337 /* Frameworks */ = {
			isa = PBXFrameworksBuildPhase;
			buildActionMask = 2147483647;
			files = (
			);
			runOnlyForDeploymentPostprocessing = 0;
		};
/* End PBXFrameworksBuildPhase section */

/* Begin PBXGroup section */
		27A17C81296F00BB005EF337 = {
			isa = PBXGroup;
			children = (
				27A17C8C296F00BB005EF337 /* OneTonBooks */,
				27A17C9D296F00BF005EF337 /* OneTonBooksTests */,
				27A17CA7296F00C0005EF337 /* OneTonBooksUITests */,
				27A17C8B296F00BB005EF337 /* Products */,
			);
			sourceTree = "<group>";
		};
		27A17C8B296F00BB005EF337 /* Products */ = {
			isa = PBXGroup;
			children = (
				27A17C8A296F00BB005EF337 /* OneTonBooks.app */,
				27A17C9A296F00BF005EF337 /* OneTonBooksTests.xctest */,
				27A17CA4296F00C0005EF337 /* OneTonBooksUITests.xctest */,
			);
			name = Products;
			sourceTree = "<group>";
		};
		27A17C8C296F00BB005EF337 /* OneTonBooks */ = {
			isa = PBXGroup;
			children = (
				27A17C8D296F00BC005EF337 /* OneTonBooksApp.swift */,
				27A17C8F296F00BC005EF337 /* ContentView.swift */,
				27A17C91296F00BF005EF337 /* Assets.xcassets */,
				27A17C93296F00BF005EF337 /* Preview Content */,
			);
			path = OneTonBooks;
			sourceTree = "<group>";
		};
		27A17C93296F00BF005EF337 /* Preview Content */ = {
			isa = PBXGroup;
			children = (
				27A17C94296F00BF005EF337 /* Preview Assets.xcassets */,
			);
			path = "Preview Content";
			sourceTree = "<group>";
		};
		27A17C9D296F00BF005EF337 /* OneTonBooksTests */ = {
			isa = PBXGroup;
			children = (
				27A17C9E296F00BF005EF337 /* OneTonBooksTests.swift */,
			);
			path = OneTonBooksTests;
			sourceTree = "<group>";
		};
		27A17CA7296F00C0005EF337 /* OneTonBooksUITests */ = {
			isa = PBXGroup;
			children = (
				27A17CA8296F00C0005EF337 /* OneTonBooksUITests.swift */,
				27A17CAA296F00C0005EF337 /* OneTonBooksUITestsLaunchTests.swift */,
			);
			path = OneTonBooksUITests;
			sourceTree = "<group>";
		};
/* End PBXGroup section */

/* Begin PBXNativeTarget section */
		27A17C89296F00BB005EF337 /* OneTonBooks */ = {
			isa = PBXNativeTarget;
			buildConfigurationList = 27A17CAE296F00C0005EF337 /* Build configuration list for PBXNativeTarget "OneTonBooks" */;
			buildPhases = (
				27A17C86296F00BB005EF337 /* Sources */,
				27A17C87296F00BB005EF337 /* Frameworks */,
				27A17C88296F00BB005EF337 /* Resources */,
			);
			buildRules = (
			);
			dependencies = (
			);
			name = OneTonBooks;
			packageProductDependencies = (
				2774BF932978253700A7ACA2 /* FirebaseAuth */,
				2774BF952978253700A7ACA2 /* FirebaseFirestore */,
			);
			productName = OneTonBooks;
			productReference = 27A17C8A296F00BB005EF337 /* OneTonBooks.app */;
			productType = "com.apple.product-type.application";
		};
		27A17C99296F00BF005EF337 /* OneTonBooksTests */ = {
			isa = PBXNativeTarget;
			buildConfigurationList = 27A17CB1296F00C0005EF337 /* Build configuration list for PBXNativeTarget "OneTonBooksTests" */;
			buildPhases = (
				27A17C96296F00BF005EF337 /* Sources */,
				27A17C97296F00BF005EF337 /* Frameworks */,
				27A17C98296F00BF005EF337 /* Resources */,
			);
			buildRules = (
			);
			dependencies = (
				27A17C9C296F00BF005EF337 /* PBXTargetDependency */,
			);
			name = OneTonBooksTests;
			productName = OneTonBooksTests;
			productReference = 27A17C9A296F00BF005EF337 /* OneTonBooksTests.xctest */;
			productType = "com.apple.product-type.bundle.unit-test";
		};
		27A17CA3296F00C0005EF337 /* OneTonBooksUITests */ = {
			isa = PBXNativeTarget;
			buildConfigurationList = 27A17CB4296F00C0005EF337 /* Build configuration list for PBXNativeTarget "OneTonBooksUITests" */;
			buildPhases = (
				27A17CA0296F00C0005EF337 /* Sources */,
				27A17CA1296F00C0005EF337 /* Frameworks */,
				27A17CA2296F00C0005EF337 /* Resources */,
			);
			buildRules = (
			);
			dependencies = (
				27A17CA6296F00C0005EF337 /* PBXTargetDependency */,
			);
			name = OneTonBooksUITests;
			productName = OneTonBooksUITests;
			productReference = 27A17CA4296F00C0005EF337 /* OneTonBooksUITests.xctest */;
			productType = "com.apple.product-type.bundle.ui-testing";
		};
/* End PBXNativeTarget section */

/* Begin PBXProject section */
		27A17C82296F00BB005EF337 /* Project object */ = {
			isa = PBXProject;
			attributes = {
				BuildIndependentTargetsInParallel = 1;
				LastSwiftUpdateCheck = 1420;
				LastUpgradeCheck = 1420;
				TargetAttributes = {
					27A17C89296F00BB005EF337 = {
						CreatedOnToolsVersion = 14.2;
					};
					27A17C99296F00BF005EF337 = {
						CreatedOnToolsVersion = 14.2;
						TestTargetID = 27A17C89296F00BB005EF337;
					};
					27A17CA3296F00C0005EF337 = {
						CreatedOnToolsVersion = 14.2;
						TestTargetID = 27A17C89296F00BB005EF337;
					};
				};
			};
			buildConfigurationList = 27A17C85296F00BB005EF337 /* Build configuration list for PBXProject "OneTonBooks" */;
			compatibilityVersion = "Xcode 14.0";
			developmentRegion = en;
			hasScannedForEncodings = 0;
			knownRegions = (
				en,
				Base,
			);
			mainGroup = 27A17C81296F00BB005EF337;
			packageReferences = (
				2774BF922978253700A7ACA2 /* XCRemoteSwiftPackageReference "firebase-ios-sdk" */,
			);
			productRefGroup = 27A17C8B296F00BB005EF337 /* Products */;
			projectDirPath = "";
			projectRoot = "";
			targets = (
				27A17C89296F00BB005EF337 /* OneTonBooks */,
				27A17C99296F00BF005EF337 /* OneTonBooksTests */,
				27A17CA3296F00C0005EF337 /* OneTonBooksUITests */,
			);
		};
/* End PBXProject section */

/* Begin PBXResourcesBuildPhase section */
		27A17C88296F00BB005EF337 /* Resources */ = {
			isa = PBXResourcesBuildPhase;
			buildActionMask = 2147483647;
			files = (
				27A17C95296F00BF005EF337 /* Preview Assets.xcassets in Resources */,
				27A17C92296F00BF005EF337 /* Assets.xcassets in Resources */,
			);
			runOnlyForDeploymentPostprocessing = 0;
		};
		27A17C98296F00BF005EF337 /* Resources */ = {
			isa = PBXResourcesBuildPhase;
			buildActionMask = 2147483647;
			files = (
			);
			runOnlyForDeploymentPostprocessing = 0;
		};
		27A17CA2296F00C0005EF337 /* Resources */ = {
			isa = PBXResourcesBuildPhase;
			buildActionMask = 2147483647;
			files = (
			);
			runOnlyForDeploymentPostprocessing = 0;
		};
/* End PBXResourcesBuildPhase section */

/* Begin PBXSourcesBuildPhase section */
		27A17C86296F00BB005EF337 /* Sources */ = {
			isa = PBXSourcesBuildPhase;
			buildActionMask = 2147483647;
			files = (
				27A17C90296F00BC005EF337 /* ContentView.swift in Sources */,
				27A17C8E296F00BC005EF337 /* OneTonBooksApp.swift in Sources */,
			);
			runOnlyForDeploymentPostprocessing = 0;
		};
		27A17C96296F00BF005EF337 /* Sources */ = {
			isa = PBXSourcesBuildPhase;
			buildActionMask = 2147483647;
			files = (
				27A17C9F296F00BF005EF337 /* OneTonBooksTests.swift in Sources */,
			);
			runOnlyForDeploymentPostprocessing = 0;
		};
		27A17CA0296F00C0005EF337 /* Sources */ = {
			isa = PBXSourcesBuildPhase;
			buildActionMask = 2147483647;
			files = (
				27A17CAB296F00C0005EF337 /* OneTonBooksUITestsLaunchTests.swift in Sources */,
				27A17CA9296F00C0005EF337 /* OneTonBooksUITests.swift in Sources */,
			);
			runOnlyForDeploymentPostprocessing = 0;
		};
/* End PBXSourcesBuildPhase section */

/* Begin PBXTargetDependency section */
		27A17C9C296F00BF005EF337 /* PBXTargetDependency */ = {
			isa = PBXTargetDependency;
			target = 27A17C89296F00BB005EF337 /* OneTonBooks */;
			targetProxy = 27A17C9B296F00BF005EF337 /* PBXContainerItemProxy */;
		};
		27A17CA6296F00C0005EF337 /* PBXTargetDependency */ = {
			isa = PBXTargetDependency;
			target = 27A17C89296F00BB005EF337 /* OneTonBooks */;
			targetProxy = 27A17CA5296F00C0005EF337 /* PBXContainerItemProxy */;
		};
/* End PBXTargetDependency section */

/* Begin XCBuildConfiguration section */
		27A17CAC296F00C0005EF337 /* Debug */ = {
			isa = XCBuildConfiguration;
			buildSettings = {
				ALWAYS_SEARCH_USER_PATHS = NO;
				CLANG_ANALYZER_NONNULL = YES;
				CLANG_ANALYZER_NUMBER_OBJECT_CONVERSION = YES_AGGRESSIVE;
				CLANG_CXX_LANGUAGE_STANDARD = "gnu++20";
				CLANG_ENABLE_MODULES = YES;
				CLANG_ENABLE_OBJC_ARC = YES;
				CLANG_ENABLE_OBJC_WEAK = YES;
				CLANG_WARN_BLOCK_CAPTURE_AUTORELEASING = YES;
				CLANG_WARN_BOOL_CONVERSION = YES;
				CLANG_WARN_COMMA = YES;
				CLANG_WARN_CONSTANT_CONVERSION = YES;
				CLANG_WARN_DEPRECATED_OBJC_IMPLEMENTATIONS = YES;
				CLANG_WARN_DIRECT_OBJC_ISA_USAGE = YES_ERROR;
				CLANG_WARN_DOCUMENTATION_COMMENTS = YES;
				CLANG_WARN_EMPTY_BODY = YES;
				CLANG_WARN_ENUM_CONVERSION = YES;
				CLANG_WARN_INFINITE_RECURSION = YES;
				CLANG_WARN_INT_CONVERSION = YES;
				CLANG_WARN_NON_LITERAL_NULL_CONVERSION = YES;
				CLANG_WARN_OBJC_IMPLICIT_RETAIN_SELF = YES;
				CLANG_WARN_OBJC_LITERAL_CONVERSION = YES;
				CLANG_WARN_OBJC_ROOT_CLASS = YES_ERROR;
				CLANG_WARN_QUOTED_INCLUDE_IN_FRAMEWORK_HEADER = YES;
				CLANG_WARN_RANGE_LOOP_ANALYSIS = YES;
				CLANG_WARN_STRICT_PROTOTYPES = YES;
				CLANG_WARN_SUSPICIOUS_MOVE = YES;
				CLANG_WARN_UNGUARDED_AVAILABILITY = YES_AGGRESSIVE;
				CLANG_WARN_UNREACHABLE_CODE = YES;
				CLANG_WARN__DUPLICATE_METHOD_MATCH = YES;
				COPY_PHASE_STRIP = NO;
				DEBUG_INFORMATION_FORMAT = dwarf;
				ENABLE_STRICT_OBJC_MSGSEND = YES;
				ENABLE_TESTABILITY = YES;
				GCC_C_LANGUAGE_STANDARD = gnu11;
				GCC_DYNAMIC_NO_PIC = NO;
				GCC_NO_COMMON_BLOCKS = YES;
				GCC_OPTIMIZATION_LEVEL = 0;
				GCC_PREPROCESSOR_DEFINITIONS = (
					"DEBUG=1",
					"$(inherited)",
				);
				GCC_WARN_64_TO_32_BIT_CONVERSION = YES;
				GCC_WARN_ABOUT_RETURN_TYPE = YES_ERROR;
				GCC_WARN_UNDECLARED_SELECTOR = YES;
				GCC_WARN_UNINITIALIZED_AUTOS = YES_AGGRESSIVE;
				GCC_WARN_UNUSED_FUNCTION = YES;
				GCC_WARN_UNUSED_VARIABLE = YES;
				IPHONEOS_DEPLOYMENT_TARGET = 16.2;
				MTL_ENABLE_DEBUG_INFO = INCLUDE_SOURCE;
				MTL_FAST_MATH = YES;
				ONLY_ACTIVE_ARCH = YES;
				SDKROOT = iphoneos;
				SWIFT_ACTIVE_COMPILATION_CONDITIONS = DEBUG;
				SWIFT_OPTIMIZATION_LEVEL = "-Onone";
			};
			name = Debug;
		};
		27A17CAD296F00C0005EF337 /* Release */ = {
			isa = XCBuildConfiguration;
			buildSettings = {
				ALWAYS_SEARCH_USER_PATHS = NO;
				CLANG_ANALYZER_NONNULL = YES;
				CLANG_ANALYZER_NUMBER_OBJECT_CONVERSION = YES_AGGRESSIVE;
				CLANG_CXX_LANGUAGE_STANDARD = "gnu++20";
				CLANG_ENABLE_MODULES = YES;
				CLANG_ENABLE_OBJC_ARC = YES;
				CLANG_ENABLE_OBJC_WEAK = YES;
				CLANG_WARN_BLOCK_CAPTURE_AUTORELEASING = YES;
				CLANG_WARN_BOOL_CONVERSION = YES;
				CLANG_WARN_COMMA = YES;
				CLANG_WARN_CONSTANT_CONVERSION = YES;
				CLANG_WARN_DEPRECATED_OBJC_IMPLEMENTATIONS = YES;
				CLANG_WARN_DIRECT_OBJC_ISA_USAGE = YES_ERROR;
				CLANG_WARN_DOCUMENTATION_COMMENTS = YES;
				CLANG_WARN_EMPTY_BODY = YES;
				CLANG_WARN_ENUM_CONVERSION = YES;
				CLANG_WARN_INFINITE_RECURSION = YES;
				CLANG_WARN_INT_CONVERSION = YES;
				CLANG_WARN_NON_LITERAL_NULL_CONVERSION = YES;
				CLANG_WARN_OBJC_IMPLICIT_RETAIN_SELF = YES;
				CLANG_WARN_OBJC_LITERAL_CONVERSION = YES;
				CLANG_WARN_OBJC_ROOT_CLASS = YES_ERROR;
				CLANG_WARN_QUOTED_INCLUDE_IN_FRAMEWORK_HEADER = YES;
				CLANG_WARN_RANGE_LOOP_ANALYSIS = YES;
				CLANG_WARN_STRICT_PROTOTYPES = YES;
				CLANG_WARN_SUSPICIOUS_MOVE = YES;
				CLANG_WARN_UNGUARDED_AVAILABILITY = YES_AGGRESSIVE;
				CLANG_WARN_UNREACHABLE_CODE = YES;
				CLANG_WARN__DUPLICATE_METHOD_MATCH = YES;
				COPY_PHASE_STRIP = NO;
				DEBUG_INFORMATION_FORMAT = "dwarf-with-dsym";
				ENABLE_NS_ASSERTIONS = NO;
				ENABLE_STRICT_OBJC_MSGSEND = YES;
				GCC_C_LANGUAGE_STANDARD = gnu11;
				GCC_NO_COMMON_BLOCKS = YES;
				GCC_WARN_64_TO_32_BIT_CONVERSION = YES;
				GCC_WARN_ABOUT_RETURN_TYPE = YES_ERROR;
				GCC_WARN_UNDECLARED_SELECTOR = YES;
				GCC_WARN_UNINITIALIZED_AUTOS = YES_AGGRESSIVE;
				GCC_WARN_UNUSED_FUNCTION = YES;
				GCC_WARN_UNUSED_VARIABLE = YES;
				IPHONEOS_DEPLOYMENT_TARGET = 16.2;
				MTL_ENABLE_DEBUG_INFO = NO;
				MTL_FAST_MATH = YES;
				SDKROOT = iphoneos;
				SWIFT_COMPILATION_MODE = wholemodule;
				SWIFT_OPTIMIZATION_LEVEL = "-O";
				VALIDATE_PRODUCT = YES;
			};
			name = Release;
		};
		27A17CAF296F00C0005EF337 /* Debug */ = {
			isa = XCBuildConfiguration;
			buildSettings = {
				ASSETCATALOG_COMPILER_APPICON_NAME = AppIcon;
				ASSETCATALOG_COMPILER_GLOBAL_ACCENT_COLOR_NAME = AccentColor;
				CODE_SIGN_STYLE = Automatic;
				CURRENT_PROJECT_VERSION = 1;
				DEVELOPMENT_ASSET_PATHS = "\"OneTonBooks/Preview Content\"";
				DEVELOPMENT_TEAM = Z53DDY8U4Y;
				ENABLE_PREVIEWS = YES;
				GENERATE_INFOPLIST_FILE = YES;
				INFOPLIST_KEY_UIApplicationSceneManifest_Generation = YES;
				INFOPLIST_KEY_UIApplicationSupportsIndirectInputEvents = YES;
				INFOPLIST_KEY_UILaunchScreen_Generation = YES;
				INFOPLIST_KEY_UISupportedInterfaceOrientations_iPad = "UIInterfaceOrientationPortrait UIInterfaceOrientationPortraitUpsideDown UIInterfaceOrientationLandscapeLeft UIInterfaceOrientationLandscapeRight";
				INFOPLIST_KEY_UISupportedInterfaceOrientations_iPhone = "UIInterfaceOrientationPortrait UIInterfaceOrientationLandscapeLeft UIInterfaceOrientationLandscapeRight";
				LD_RUNPATH_SEARCH_PATHS = (
					"$(inherited)",
					"@executable_path/Frameworks",
				);
				MARKETING_VERSION = 1.0;
				PRODUCT_BUNDLE_IDENTIFIER = com.akinoriakatsuka.OneTonBooks;
				PRODUCT_NAME = "$(TARGET_NAME)";
				SWIFT_EMIT_LOC_STRINGS = YES;
				SWIFT_VERSION = 5.0;
				TARGETED_DEVICE_FAMILY = "1,2";
			};
			name = Debug;
		};
		27A17CB0296F00C0005EF337 /* Release */ = {
			isa = XCBuildConfiguration;
			buildSettings = {
				ASSETCATALOG_COMPILER_APPICON_NAME = AppIcon;
				ASSETCATALOG_COMPILER_GLOBAL_ACCENT_COLOR_NAME = AccentColor;
				CODE_SIGN_STYLE = Automatic;
				CURRENT_PROJECT_VERSION = 1;
				DEVELOPMENT_ASSET_PATHS = "\"OneTonBooks/Preview Content\"";
				DEVELOPMENT_TEAM = Z53DDY8U4Y;
				ENABLE_PREVIEWS = YES;
				GENERATE_INFOPLIST_FILE = YES;
				INFOPLIST_KEY_UIApplicationSceneManifest_Generation = YES;
				INFOPLIST_KEY_UIApplicationSupportsIndirectInputEvents = YES;
				INFOPLIST_KEY_UILaunchScreen_Generation = YES;
				INFOPLIST_KEY_UISupportedInterfaceOrientations_iPad = "UIInterfaceOrientationPortrait UIInterfaceOrientationPortraitUpsideDown UIInterfaceOrientationLandscapeLeft UIInterfaceOrientationLandscapeRight";
				INFOPLIST_KEY_UISupportedInterfaceOrientations_iPhone = "UIInterfaceOrientationPortrait UIInterfaceOrientationLandscapeLeft UIInterfaceOrientationLandscapeRight";
				LD_RUNPATH_SEARCH_PATHS = (
					"$(inherited)",
					"@executable_path/Frameworks",
				);
				MARKETING_VERSION = 1.0;
				PRODUCT_BUNDLE_IDENTIFIER = com.akinoriakatsuka.OneTonBooks;
				PRODUCT_NAME = "$(TARGET_NAME)";
				SWIFT_EMIT_LOC_STRINGS = YES;
				SWIFT_VERSION = 5.0;
				TARGETED_DEVICE_FAMILY = "1,2";
			};
			name = Release;
		};
		27A17CB2296F00C0005EF337 /* Debug */ = {
			isa = XCBuildConfiguration;
			buildSettings = {
				ALWAYS_EMBED_SWIFT_STANDARD_LIBRARIES = YES;
				BUNDLE_LOADER = "$(TEST_HOST)";
				CODE_SIGN_STYLE = Automatic;
				CURRENT_PROJECT_VERSION = 1;
				DEVELOPMENT_TEAM = Z53DDY8U4Y;
				GENERATE_INFOPLIST_FILE = YES;
				IPHONEOS_DEPLOYMENT_TARGET = 16.2;
				MARKETING_VERSION = 1.0;
				PRODUCT_BUNDLE_IDENTIFIER = com.akinoriakatsuka.OneTonBooksTests;
				PRODUCT_NAME = "$(TARGET_NAME)";
				SWIFT_EMIT_LOC_STRINGS = NO;
				SWIFT_VERSION = 5.0;
				TARGETED_DEVICE_FAMILY = "1,2";
				TEST_HOST = "$(BUILT_PRODUCTS_DIR)/OneTonBooks.app/$(BUNDLE_EXECUTABLE_FOLDER_PATH)/OneTonBooks";
			};
			name = Debug;
		};
		27A17CB3296F00C0005EF337 /* Release */ = {
			isa = XCBuildConfiguration;
			buildSettings = {
				ALWAYS_EMBED_SWIFT_STANDARD_LIBRARIES = YES;
				BUNDLE_LOADER = "$(TEST_HOST)";
				CODE_SIGN_STYLE = Automatic;
				CURRENT_PROJECT_VERSION = 1;
				DEVELOPMENT_TEAM = Z53DDY8U4Y;
				GENERATE_INFOPLIST_FILE = YES;
				IPHONEOS_DEPLOYMENT_TARGET = 16.2;
				MARKETING_VERSION = 1.0;
				PRODUCT_BUNDLE_IDENTIFIER = com.akinoriakatsuka.OneTonBooksTests;
				PRODUCT_NAME = "$(TARGET_NAME)";
				SWIFT_EMIT_LOC_STRINGS = NO;
				SWIFT_VERSION = 5.0;
				TARGETED_DEVICE_FAMILY = "1,2";
				TEST_HOST = "$(BUILT_PRODUCTS_DIR)/OneTonBooks.app/$(BUNDLE_EXECUTABLE_FOLDER_PATH)/OneTonBooks";
			};
			name = Release;
		};
		27A17CB5296F00C0005EF337 /* Debug */ = {
			isa = XCBuildConfiguration;
			buildSettings = {
				ALWAYS_EMBED_SWIFT_STANDARD_LIBRARIES = YES;
				CODE_SIGN_STYLE = Automatic;
				CURRENT_PROJECT_VERSION = 1;
				DEVELOPMENT_TEAM = Z53DDY8U4Y;
				GENERATE_INFOPLIST_FILE = YES;
				MARKETING_VERSION = 1.0;
				PRODUCT_BUNDLE_IDENTIFIER = com.akinoriakatsuka.OneTonBooksUITests;
				PRODUCT_NAME = "$(TARGET_NAME)";
				SWIFT_EMIT_LOC_STRINGS = NO;
				SWIFT_VERSION = 5.0;
				TARGETED_DEVICE_FAMILY = "1,2";
				TEST_TARGET_NAME = OneTonBooks;
			};
			name = Debug;
		};
		27A17CB6296F00C0005EF337 /* Release */ = {
			isa = XCBuildConfiguration;
			buildSettings = {
				ALWAYS_EMBED_SWIFT_STANDARD_LIBRARIES = YES;
				CODE_SIGN_STYLE = Automatic;
				CURRENT_PROJECT_VERSION = 1;
				DEVELOPMENT_TEAM = Z53DDY8U4Y;
				GENERATE_INFOPLIST_FILE = YES;
				MARKETING_VERSION = 1.0;
				PRODUCT_BUNDLE_IDENTIFIER = com.akinoriakatsuka.OneTonBooksUITests;
				PRODUCT_NAME = "$(TARGET_NAME)";
				SWIFT_EMIT_LOC_STRINGS = NO;
				SWIFT_VERSION = 5.0;
				TARGETED_DEVICE_FAMILY = "1,2";
				TEST_TARGET_NAME = OneTonBooks;
			};
			name = Release;
		};
/* End XCBuildConfiguration section */

/* Begin XCConfigurationList section */
		27A17C85296F00BB005EF337 /* Build configuration list for PBXProject "OneTonBooks" */ = {
			isa = XCConfigurationList;
			buildConfigurations = (
				27A17CAC296F00C0005EF337 /* Debug */,
				27A17CAD296F00C0005EF337 /* Release */,
			);
			defaultConfigurationIsVisible = 0;
			defaultConfigurationName = Release;
		};
		27A17CAE296F00C0005EF337 /* Build configuration list for PBXNativeTarget "OneTonBooks" */ = {
			isa = XCConfigurationList;
			buildConfigurations = (
				27A17CAF296F00C0005EF337 /* Debug */,
				27A17CB0296F00C0005EF337 /* Release */,
			);
			defaultConfigurationIsVisible = 0;
			defaultConfigurationName = Release;
		};
		27A17CB1296F00C0005EF337 /* Build configuration list for PBXNativeTarget "OneTonBooksTests" */ = {
			isa = XCConfigurationList;
			buildConfigurations = (
				27A17CB2296F00C0005EF337 /* Debug */,
				27A17CB3296F00C0005EF337 /* Release */,
			);
			defaultConfigurationIsVisible = 0;
			defaultConfigurationName = Release;
		};
		27A17CB4296F00C0005EF337 /* Build configuration list for PBXNativeTarget "OneTonBooksUITests" */ = {
			isa = XCConfigurationList;
			buildConfigurations = (
				27A17CB5296F00C0005EF337 /* Debug */,
				27A17CB6296F00C0005EF337 /* Release */,
			);
			defaultConfigurationIsVisible = 0;
			defaultConfigurationName = Release;
		};
/* End XCConfigurationList section */

/* Begin XCRemoteSwiftPackageReference section */
		2774BF922978253700A7ACA2 /* XCRemoteSwiftPackageReference "firebase-ios-sdk" */ = {
			isa = XCRemoteSwiftPackageReference;
			repositoryURL = "https://github.com/firebase/firebase-ios-sdk.git";
			requirement = {
				kind = upToNextMajorVersion;
				minimumVersion = 9.0.0;
			};
		};
/* End XCRemoteSwiftPackageReference section */

/* Begin XCSwiftPackageProductDependency section */
		2774BF932978253700A7ACA2 /* FirebaseAuth */ = {
			isa = XCSwiftPackageProductDependency;
			package = 2774BF922978253700A7ACA2 /* XCRemoteSwiftPackageReference "firebase-ios-sdk" */;
			productName = FirebaseAuth;
		};
		2774BF952978253700A7ACA2 /* FirebaseFirestore */ = {
			isa = XCSwiftPackageProductDependency;
			package = 2774BF922978253700A7ACA2 /* XCRemoteSwiftPackageReference "firebase-ios-sdk" */;
			productName = FirebaseFirestore;
		};
/* End XCSwiftPackageProductDependency section */
	};
	rootObject = 27A17C82296F00BB005EF337 /* Project object */;
}
